
Microsoft Visual Studio Solution File, Format Version 12.00
# Visual Studio Version 17
VisualStudioVersion = 17.1.32407.343
MinimumVisualStudioVersion = 10.0.40219.1
Project("{FAE04EC0-301F-11D3-BF4B-00C04F79EFBC}") = "Descuentos", "Descuentos.csproj", "{2996EFFC-E1C9-4430-A9D2-2E117733BA69}"
EndProject
Global
	GlobalSection(SolutionConfigurationPlatforms) = preSolution
		Debug|Any CPU = Debug|Any CPU
		Release|Any CPU = Release|Any CPU
	EndGlobalSection
	GlobalSection(ProjectConfigurationPlatforms) = postSolution
		{2996EFFC-E1C9-4430-A9D2-2E117733BA69}.Debug|Any CPU.ActiveCfg = Debug|Any CPU
		{2996EFFC-E1C9-4430-A9D2-2E117733BA69}.Debug|Any CPU.Build.0 = Debug|Any CPU
		{2996EFFC-E1C9-4430-A9D2-2E117733BA69}.Release|Any CPU.ActiveCfg = Release|Any CPU
		{2996EFFC-E1C9-4430-A9D2-2E117733BA69}.Release|Any CPU.Build.0 = Release|Any CPU
	EndGlobalSection
	GlobalSection(SolutionProperties) = preSolution
		HideSolutionNode = FALSE
	EndGlobalSection
	GlobalSection(ExtensibilityGlobals) = postSolution
		SolutionGuid = {448141C7-6877-4411-A219-E3A5F4251E0C}
	EndGlobalSection
EndGlobal
